
Microsoft Visual Studio Solution File, Format Version 11.00
# Visual Studio 2010
Project("{FAE04EC0-301F-11D3-BF4B-00C04F79EFBC}") = "Unity.Timeline", "Unity.Timeline.csproj", "{423cdc06-e3a6-91ae-3a43-4a619f908ac7}"
EndProject
Project("{FAE04EC0-301F-11D3-BF4B-00C04F79EFBC}") = "UnityEngine.Advertisements.Editor", "UnityEngine.Advertisements.Editor.csproj", "{b7355d26-9e09-547e-7938-4d81b0cee89d}"
EndProject
Project("{FAE04EC0-301F-11D3-BF4B-00C04F79EFBC}") = "Unity.Services.Core.Internal", "Unity.Services.Core.Internal.csproj", "{48587bb1-efc5-6aa0-530c-673476184959}"
EndProject
Project("{FAE04EC0-301F-11D3-BF4B-00C04F79EFBC}") = "Assembly-CSharp", "Assembly-CSharp.csproj", "{b2e9b75b-acda-a6e6-6d4c-f52ff86d00fa}"
EndProject
Project("{FAE04EC0-301F-11D3-BF4B-00C04F79EFBC}") = "Unity.Timeline.Editor", "Unity.Timeline.Editor.csproj", "{a97323cc-5b43-ffc1-0333-863965a687ce}"
EndProject
Project("{FAE04EC0-301F-11D3-BF4B-00C04F79EFBC}") = "Unity.PlasticSCM.Editor", "Unity.PlasticSCM.Editor.csproj", "{8cc63d33-8533-639e-ca66-e7f8edfeb7bb}"
EndProject
Project("{FAE04EC0-301F-11D3-BF4B-00C04F79EFBC}") = "UnityEditor.Purchasing", "UnityEditor.Purchasing.csproj", "{f82deef1-980e-485e-ff96-5d0a787660a8}"
EndProject
Project("{FAE04EC0-301F-11D3-BF4B-00C04F79EFBC}") = "UnityEngine.Purchasing.Stores", "UnityEngine.Purchasing.Stores.csproj", "{a829c42a-0c22-e789-0186-66a172e4c418}"
EndProject
Project("{FAE04EC0-301F-11D3-BF4B-00C04F79EFBC}") = "UnityEngine.Advertisements", "UnityEngine.Advertisements.csproj", "{417b57c2-16cf-115f-0a00-0a2ec99028e0}"
EndProject
Project("{FAE04EC0-301F-11D3-BF4B-00C04F79EFBC}") = "UnityEngine.UI", "UnityEngine.UI.csproj", "{e97374c5-1963-34a1-a721-df6f8316d356}"
EndProject
Project("{FAE04EC0-301F-11D3-BF4B-00C04F79EFBC}") = "UnityEditor.TestRunner", "UnityEditor.TestRunner.csproj", "{8ac4b665-0d56-5784-bf5e-1559c988f8bb}"
EndProject
Project("{FAE04EC0-301F-11D3-BF4B-00C04F79EFBC}") = "UnityEngine.TestRunner", "UnityEngine.TestRunner.csproj", "{cd36af8a-fac1-ef0f-5790-f292a9fbe8db}"
EndProject
Project("{FAE04EC0-301F-11D3-BF4B-00C04F79EFBC}") = "Unity.2D.Tilemap.Editor", "Unity.2D.Tilemap.Editor.csproj", "{10d946be-a95e-dfaa-daee-ef8ca75422d1}"
EndProject
Project("{FAE04EC0-301F-11D3-BF4B-00C04F79EFBC}") = "Unity.Services.Core.Environments.Editor", "Unity.Services.Core.Environments.Editor.csproj", "{ba911596-18c9-47b4-cd1a-9f4338f3c735}"
EndProject
Project("{FAE04EC0-301F-11D3-BF4B-00C04F79EFBC}") = "UnityEngine.Purchasing", "UnityEngine.Purchasing.csproj", "{e7c331a5-0bc0-7e18-6a3e-ef1134362e37}"
EndProject
Project("{FAE04EC0-301F-11D3-BF4B-00C04F79EFBC}") = "Unity.AI.Navigation.Editor", "Unity.AI.Navigation.Editor.csproj", "{749110df-3f13-1aa2-eb53-38231c5438f4}"
EndProject
Project("{FAE04EC0-301F-11D3-BF4B-00C04F79EFBC}") = "Unity.VisualStudio.Editor", "Unity.VisualStudio.Editor.csproj", "{5f0025f8-244a-31ef-dee8-d6c227e71c0a}"
EndProject
Project("{FAE04EC0-301F-11D3-BF4B-00C04F79EFBC}") = "Unity.TextMeshPro.Editor", "Unity.TextMeshPro.Editor.csproj", "{a7332dae-b404-2140-ac25-0e3abdae3a4d}"
EndProject
Project("{FAE04EC0-301F-11D3-BF4B-00C04F79EFBC}") = "Unity.Rider.Editor", "Unity.Rider.Editor.csproj", "{cac42af8-5d56-e803-3304-8e6b2366923f}"
EndProject
Project("{FAE04EC0-301F-11D3-BF4B-00C04F79EFBC}") = "Unity.Services.Core.Telemetry", "Unity.Services.Core.Telemetry.csproj", "{2de199a3-f542-01d6-cf3a-509dda9db0b0}"
EndProject
Project("{FAE04EC0-301F-11D3-BF4B-00C04F79EFBC}") = "Unity.Services.Core.Configuration", "Unity.Services.Core.Configuration.csproj", "{94628f58-f4cc-8c02-eb27-e754fab2032b}"
EndProject
Project("{FAE04EC0-301F-11D3-BF4B-00C04F79EFBC}") = "Unity.AI.Navigation.Editor.ConversionSystem", "Unity.AI.Navigation.Editor.ConversionSystem.csproj", "{426695d8-d8b9-f257-807f-8c0fbcb426c7}"
EndProject
Project("{FAE04EC0-301F-11D3-BF4B-00C04F79EFBC}") = "Unity.Services.Core.Editor", "Unity.Services.Core.Editor.csproj", "{3b75b91e-fa61-cd28-d3ce-aa99024f7366}"
EndProject
Project("{FAE04EC0-301F-11D3-BF4B-00C04F79EFBC}") = "Unity.Services.Core.Configuration.Editor", "Unity.Services.Core.Configuration.Editor.csproj", "{d9d2bbbf-994c-f256-428b-e67accce729a}"
EndProject
Project("{FAE04EC0-301F-11D3-BF4B-00C04F79EFBC}") = "Unity.Services.Core", "Unity.Services.Core.csproj", "{057e0401-1b9d-c39d-26d8-9b056d484d86}"
EndProject
Project("{FAE04EC0-301F-11D3-BF4B-00C04F79EFBC}") = "Unity.AI.Navigation", "Unity.AI.Navigation.csproj", "{a7320a57-2e96-787b-ab3a-88fc7b4513b0}"
EndProject
Project("{FAE04EC0-301F-11D3-BF4B-00C04F79EFBC}") = "UnityEditor.UI", "UnityEditor.UI.csproj", "{635786fa-eddf-22e7-59df-4999b1752dea}"
EndProject
Project("{FAE04EC0-301F-11D3-BF4B-00C04F79EFBC}") = "Unity.TextMeshPro", "Unity.TextMeshPro.csproj", "{fe3830b5-eb9a-2131-c6ad-198f3c276404}"
EndProject
Project("{FAE04EC0-301F-11D3-BF4B-00C04F79EFBC}") = "Unity.Services.Analytics.Editor", "Unity.Services.Analytics.Editor.csproj", "{a4ad0d2b-fd3b-73c9-0de7-3746870fa62b}"
EndProject
Project("{FAE04EC0-301F-11D3-BF4B-00C04F79EFBC}") = "UnityEngine.Purchasing.AppleMacosStub", "UnityEngine.Purchasing.AppleMacosStub.csproj", "{5543e1f6-222a-e4c8-e6b4-e4379935121b}"
EndProject
Project("{FAE04EC0-301F-11D3-BF4B-00C04F79EFBC}") = "Unity.AI.Navigation.Updater", "Unity.AI.Navigation.Updater.csproj", "{17594e21-314b-35b9-c4bf-35e401183732}"
EndProject
Project("{FAE04EC0-301F-11D3-BF4B-00C04F79EFBC}") = "UnityEngine.Purchasing.Codeless", "UnityEngine.Purchasing.Codeless.csproj", "{75292955-8204-0c73-8255-db21adada685}"
EndProject
Project("{FAE04EC0-301F-11D3-BF4B-00C04F79EFBC}") = "Unity.Services.Analytics", "Unity.Services.Analytics.csproj", "{2366c7d5-bd58-3812-a787-d782e9086c6e}"
EndProject
Project("{FAE04EC0-301F-11D3-BF4B-00C04F79EFBC}") = "Unity.Analytics.DataPrivacy", "Unity.Analytics.DataPrivacy.csproj", "{2735e51f-e985-4865-ff65-0b2bbf2a5392}"
EndProject
Project("{FAE04EC0-301F-11D3-BF4B-00C04F79EFBC}") = "UnityEngine.Advertisements.DevX.Editor", "UnityEngine.Advertisements.DevX.Editor.csproj", "{674cb98f-328e-0a8b-279b-dea214504e74}"
EndProject
Project("{FAE04EC0-301F-11D3-BF4B-00C04F79EFBC}") = "Unity.2D.Sprite.Editor", "Unity.2D.Sprite.Editor.csproj", "{4f583cf8-3914-5fd4-4b67-0f316e5f32a9}"
EndProject
Project("{FAE04EC0-301F-11D3-BF4B-00C04F79EFBC}") = "UnityEngine.Purchasing.WinRTStub", "UnityEngine.Purchasing.WinRTStub.csproj", "{88c4052b-6568-32ba-5090-b02c803f2fe5}"
EndProject
Project("{FAE04EC0-301F-11D3-BF4B-00C04F79EFBC}") = "Unity.Services.Core.Analytics", "Unity.Services.Core.Analytics.csproj", "{c816f81e-5161-d101-69be-6998eeb7399f}"
EndProject
Project("{FAE04EC0-301F-11D3-BF4B-00C04F79EFBC}") = "UnityEngine.SpatialTracking", "UnityEngine.SpatialTracking.csproj", "{6d8a27f7-4535-071b-c48f-dfaf36aa0422}"
EndProject
Project("{FAE04EC0-301F-11D3-BF4B-00C04F79EFBC}") = "Unity.Services.Core.Environments.Internal", "Unity.Services.Core.Environments.Internal.csproj", "{1dee9ead-a1a4-444c-25aa-6e244d4b8198}"
EndProject
Project("{FAE04EC0-301F-11D3-BF4B-00C04F79EFBC}") = "Unity.Services.Core.Networking", "Unity.Services.Core.Networking.csproj", "{ede0bbcd-6c42-4743-1c49-8ee106fe98b2}"
EndProject
Project("{FAE04EC0-301F-11D3-BF4B-00C04F79EFBC}") = "Unity.Services.Core.Scheduler", "Unity.Services.Core.Scheduler.csproj", "{9093555c-7616-b930-6035-c3345cb51c6a}"
EndProject
Project("{FAE04EC0-301F-11D3-BF4B-00C04F79EFBC}") = "UnityEngine.Purchasing.SecurityCore", "UnityEngine.Purchasing.SecurityCore.csproj", "{bbee48bf-561b-4e82-e907-fd7a772f9289}"
EndProject
Project("{FAE04EC0-301F-11D3-BF4B-00C04F79EFBC}") = "UnityEditor.SpatialTracking", "UnityEditor.SpatialTracking.csproj", "{10f917b4-fb75-c5cb-3429-470e2f0b575c}"
EndProject
Project("{FAE04EC0-301F-11D3-BF4B-00C04F79EFBC}") = "UnityEngine.Purchasing.WinRTCore", "UnityEngine.Purchasing.WinRTCore.csproj", "{afe16454-e7c9-2ed3-f74b-362afe7b2834}"
EndProject
Project("{FAE04EC0-301F-11D3-BF4B-00C04F79EFBC}") = "Purchasing.Common", "Purchasing.Common.csproj", "{cbad9980-dd74-37e0-a66c-a1243a43bcc8}"
EndProject
Project("{FAE04EC0-301F-11D3-BF4B-00C04F79EFBC}") = "Unity.Services.Core.Threading", "Unity.Services.Core.Threading.csproj", "{51f48e38-d1c0-beb3-945d-637a286ae473}"
EndProject
Project("{FAE04EC0-301F-11D3-BF4B-00C04F79EFBC}") = "Unity.Services.Core.Device", "Unity.Services.Core.Device.csproj", "{4bcddfaf-5fad-6b50-aed5-3ef9c3e1ff77}"
EndProject
Project("{FAE04EC0-301F-11D3-BF4B-00C04F79EFBC}") = "UnityEditor.XR.LegacyInputHelpers", "UnityEditor.XR.LegacyInputHelpers.csproj", "{76fd3e35-bea1-340c-4ddd-5867290125da}"
EndProject
Project("{FAE04EC0-301F-11D3-BF4B-00C04F79EFBC}") = "UnityEngine.Purchasing.AppleCore", "UnityEngine.Purchasing.AppleCore.csproj", "{21ca034b-41ce-cdb5-0424-934150353709}"
EndProject
Project("{FAE04EC0-301F-11D3-BF4B-00C04F79EFBC}") = "UnityEngine.XR.LegacyInputHelpers", "UnityEngine.XR.LegacyInputHelpers.csproj", "{cae0eb21-51d8-78d2-1e2c-e10d676f47dc}"
EndProject
Project("{FAE04EC0-301F-11D3-BF4B-00C04F79EFBC}") = "UnityEngine.Purchasing.AppleStub", "UnityEngine.Purchasing.AppleStub.csproj", "{d303ee9f-7b91-fda9-de70-307776830f39}"
EndProject
Project("{FAE04EC0-301F-11D3-BF4B-00C04F79EFBC}") = "UnityEngine.Purchasing.SecurityStub", "UnityEngine.Purchasing.SecurityStub.csproj", "{eaf4dfff-a6d7-401c-68d8-f71ab1cfcc7e}"
EndProject
Project("{FAE04EC0-301F-11D3-BF4B-00C04F79EFBC}") = "Analytics", "Analytics.csproj", "{20197674-991f-d0ac-1e80-5ce5b509c3e9}"
EndProject
Project("{FAE04EC0-301F-11D3-BF4B-00C04F79EFBC}") = "Unity.Services.Core.Registration", "Unity.Services.Core.Registration.csproj", "{94ba2b94-37b7-910e-2800-b692c7a0c614}"
EndProject
Project("{FAE04EC0-301F-11D3-BF4B-00C04F79EFBC}") = "Unity.Services.Core.Environments", "Unity.Services.Core.Environments.csproj", "{dec6be56-f90b-cfd2-902a-703c4c1d4aee}"
EndProject
Project("{FAE04EC0-301F-11D3-BF4B-00C04F79EFBC}") = "Unity.CollabProxy.Editor", "Unity.CollabProxy.Editor.csproj", "{ff7e92db-341c-cab3-6da6-b316ed193819}"
EndProject
Project("{FAE04EC0-301F-11D3-BF4B-00C04F79EFBC}") = "Assembly-CSharp-Editor", "Assembly-CSharp-Editor.csproj", "{b217cc14-a03a-44f3-03fa-8d292556effe}"
EndProject
Project("{FAE04EC0-301F-11D3-BF4B-00C04F79EFBC}") = "UnityEngine.Purchasing.WinRT", "UnityEngine.Purchasing.WinRT.csproj", "{187ea9aa-9138-2b37-2af3-8858a5b8944f}"
EndProject
Project("{FAE04EC0-301F-11D3-BF4B-00C04F79EFBC}") = "UnityEngine.Purchasing.Apple", "UnityEngine.Purchasing.Apple.csproj", "{2f54960f-6fd6-b2b9-d617-92fb480cf426}"
EndProject
Project("{FAE04EC0-301F-11D3-BF4B-00C04F79EFBC}") = "Unity.Analytics.DataPrivacy.Tests", "Unity.Analytics.DataPrivacy.Tests.csproj", "{893cbdcc-ddbb-7925-52a0-f7bc60345721}"
EndProject
Project("{FAE04EC0-301F-11D3-BF4B-00C04F79EFBC}") = "UnityEngine.Advertisements.Editor.Tests", "UnityEngine.Advertisements.Editor.Tests.csproj", "{f2748012-2ba5-9b83-30ea-7588a033c98e}"
EndProject
Project("{FAE04EC0-301F-11D3-BF4B-00C04F79EFBC}") = "Unity.2D.Sprite.Package.EditorTests", "Unity.2D.Sprite.Package.EditorTests.csproj", "{d01854e8-d9de-538b-ba43-36cd5df2cb52}"
EndProject
Project("{FAE04EC0-301F-11D3-BF4B-00C04F79EFBC}") = "UnityEngine.Purchasing.Security", "UnityEngine.Purchasing.Security.csproj", "{e601666f-38dc-f34d-282f-ef01e64f6587}"
EndProject
Project("{FAE04EC0-301F-11D3-BF4B-00C04F79EFBC}") = "Unity.AI.Navigation.Tests", "Unity.AI.Navigation.Tests.csproj", "{7115452f-aa63-e14c-9959-04a7e51f6938}"
EndProject
Project("{FAE04EC0-301F-11D3-BF4B-00C04F79EFBC}") = "UnityEditor.XR.LegacyInputHelpers.Tests", "UnityEditor.XR.LegacyInputHelpers.Tests.csproj", "{4afd6d50-a59c-87dc-6f8b-fa82fa39b965}"
EndProject
Project("{FAE04EC0-301F-11D3-BF4B-00C04F79EFBC}") = "Unity.TextMeshPro.Editor.Tests", "Unity.TextMeshPro.Editor.Tests.csproj", "{77a6a72a-0fea-d753-3b3b-1d6bd220368c}"
EndProject
Project("{FAE04EC0-301F-11D3-BF4B-00C04F79EFBC}") = "UnityEngine.Purchasing.AppleMacos", "UnityEngine.Purchasing.AppleMacos.csproj", "{f3f0c3bf-568f-c06f-3bc2-26dfdeb25188}"
EndProject
Project("{FAE04EC0-301F-11D3-BF4B-00C04F79EFBC}") = "DocCodeExamples", "DocCodeExamples.csproj", "{00c3a930-aad2-81ce-118a-76af100f1cab}"
EndProject
Project("{FAE04EC0-301F-11D3-BF4B-00C04F79EFBC}") = "UnityEngine.Advertisements.Tests", "UnityEngine.Advertisements.Tests.csproj", "{98d5bbe3-3d46-eb42-fedb-f6ddb9e469eb}"
EndProject
Project("{FAE04EC0-301F-11D3-BF4B-00C04F79EFBC}") = "Unity.AI.Navigation.LegacyOffMeshLink.Tests", "Unity.AI.Navigation.LegacyOffMeshLink.Tests.csproj", "{6e101216-4aba-1dd5-f883-975253dae195}"
EndProject
Project("{FAE04EC0-301F-11D3-BF4B-00C04F79EFBC}") = "Unity.AI.Navigation.Editor.Tests", "Unity.AI.Navigation.Editor.Tests.csproj", "{0c514cdd-02d0-0542-e3b8-39de7da4db3e}"
EndProject
Project("{FAE04EC0-301F-11D3-BF4B-00C04F79EFBC}") = "UnityEngine.UI.Tests", "UnityEngine.UI.Tests.csproj", "{e818b048-e58a-692e-344d-84d24dc4b63b}"
EndProject
Project("{FAE04EC0-301F-11D3-BF4B-00C04F79EFBC}") = "Unity.TextMeshPro.Tests", "Unity.TextMeshPro.Tests.csproj", "{23490ddb-9cb8-9386-71f9-28bbf586b391}"
EndProject
Project("{FAE04EC0-301F-11D3-BF4B-00C04F79EFBC}") = "UnityEditor.UI.EditorTests", "UnityEditor.UI.EditorTests.csproj", "{b821d918-f396-99da-a5a0-f7d2d56315ca}"
EndProject
Project("{FAE04EC0-301F-11D3-BF4B-00C04F79EFBC}") = "Unity.2D.Tilemap.Package.EditorTests", "Unity.2D.Tilemap.Package.EditorTests.csproj", "{cf9e68fa-901c-dd93-7cdd-fafd6162ccc5}"
EndProject
Project("{FAE04EC0-301F-11D3-BF4B-00C04F79EFBC}") = "Unity.Analytics.StandardEvents.EditorTests", "Unity.Analytics.StandardEvents.EditorTests.csproj", "{24c83571-6ad4-3cea-0d3e-e99a862a29db}"
EndProject
Project("{FAE04EC0-301F-11D3-BF4B-00C04F79EFBC}") = "UnityEngine.SpatialTracking.Tests", "UnityEngine.SpatialTracking.Tests.csproj", "{874c85b0-1e1d-beac-4097-5ed22f6fbe74}"
EndProject
Global
	GlobalSection(SolutionConfigurationPlatforms) = preSolution
		Debug|Any CPU = Debug|Any CPU
	EndGlobalSection
	GlobalSection(ProjectConfigurationPlatforms) = postSolution
		{423cdc06-e3a6-91ae-3a43-4a619f908ac7}.Debug|Any CPU.ActiveCfg = Debug|Any CPU
		{423cdc06-e3a6-91ae-3a43-4a619f908ac7}.Debug|Any CPU.Build.0 = Debug|Any CPU
		{b7355d26-9e09-547e-7938-4d81b0cee89d}.Debug|Any CPU.ActiveCfg = Debug|Any CPU
		{b7355d26-9e09-547e-7938-4d81b0cee89d}.Debug|Any CPU.Build.0 = Debug|Any CPU
		{48587bb1-efc5-6aa0-530c-673476184959}.Debug|Any CPU.ActiveCfg = Debug|Any CPU
		{48587bb1-efc5-6aa0-530c-673476184959}.Debug|Any CPU.Build.0 = Debug|Any CPU
		{b2e9b75b-acda-a6e6-6d4c-f52ff86d00fa}.Debug|Any CPU.ActiveCfg = Debug|Any CPU
		{b2e9b75b-acda-a6e6-6d4c-f52ff86d00fa}.Debug|Any CPU.Build.0 = Debug|Any CPU
		{a97323cc-5b43-ffc1-0333-863965a687ce}.Debug|Any CPU.ActiveCfg = Debug|Any CPU
		{a97323cc-5b43-ffc1-0333-863965a687ce}.Debug|Any CPU.Build.0 = Debug|Any CPU
		{8cc63d33-8533-639e-ca66-e7f8edfeb7bb}.Debug|Any CPU.ActiveCfg = Debug|Any CPU
		{8cc63d33-8533-639e-ca66-e7f8edfeb7bb}.Debug|Any CPU.Build.0 = Debug|Any CPU
		{f82deef1-980e-485e-ff96-5d0a787660a8}.Debug|Any CPU.ActiveCfg = Debug|Any CPU
		{f82deef1-980e-485e-ff96-5d0a787660a8}.Debug|Any CPU.Build.0 = Debug|Any CPU
		{a829c42a-0c22-e789-0186-66a172e4c418}.Debug|Any CPU.ActiveCfg = Debug|Any CPU
		{a829c42a-0c22-e789-0186-66a172e4c418}.Debug|Any CPU.Build.0 = Debug|Any CPU
		{417b57c2-16cf-115f-0a00-0a2ec99028e0}.Debug|Any CPU.ActiveCfg = Debug|Any CPU
		{417b57c2-16cf-115f-0a00-0a2ec99028e0}.Debug|Any CPU.Build.0 = Debug|Any CPU
		{e97374c5-1963-34a1-a721-df6f8316d356}.Debug|Any CPU.ActiveCfg = Debug|Any CPU
		{e97374c5-1963-34a1-a721-df6f8316d356}.Debug|Any CPU.Build.0 = Debug|Any CPU
		{8ac4b665-0d56-5784-bf5e-1559c988f8bb}.Debug|Any CPU.ActiveCfg = Debug|Any CPU
		{8ac4b665-0d56-5784-bf5e-1559c988f8bb}.Debug|Any CPU.Build.0 = Debug|Any CPU
		{cd36af8a-fac1-ef0f-5790-f292a9fbe8db}.Debug|Any CPU.ActiveCfg = Debug|Any CPU
		{cd36af8a-fac1-ef0f-5790-f292a9fbe8db}.Debug|Any CPU.Build.0 = Debug|Any CPU
		{10d946be-a95e-dfaa-daee-ef8ca75422d1}.Debug|Any CPU.ActiveCfg = Debug|Any CPU
		{10d946be-a95e-dfaa-daee-ef8ca75422d1}.Debug|Any CPU.Build.0 = Debug|Any CPU
		{ba911596-18c9-47b4-cd1a-9f4338f3c735}.Debug|Any CPU.ActiveCfg = Debug|Any CPU
		{ba911596-18c9-47b4-cd1a-9f4338f3c735}.Debug|Any CPU.Build.0 = Debug|Any CPU
		{e7c331a5-0bc0-7e18-6a3e-ef1134362e37}.Debug|Any CPU.ActiveCfg = Debug|Any CPU
		{e7c331a5-0bc0-7e18-6a3e-ef1134362e37}.Debug|Any CPU.Build.0 = Debug|Any CPU
		{749110df-3f13-1aa2-eb53-38231c5438f4}.Debug|Any CPU.ActiveCfg = Debug|Any CPU
		{749110df-3f13-1aa2-eb53-38231c5438f4}.Debug|Any CPU.Build.0 = Debug|Any CPU
		{5f0025f8-244a-31ef-dee8-d6c227e71c0a}.Debug|Any CPU.ActiveCfg = Debug|Any CPU
		{5f0025f8-244a-31ef-dee8-d6c227e71c0a}.Debug|Any CPU.Build.0 = Debug|Any CPU
		{a7332dae-b404-2140-ac25-0e3abdae3a4d}.Debug|Any CPU.ActiveCfg = Debug|Any CPU
		{a7332dae-b404-2140-ac25-0e3abdae3a4d}.Debug|Any CPU.Build.0 = Debug|Any CPU
		{cac42af8-5d56-e803-3304-8e6b2366923f}.Debug|Any CPU.ActiveCfg = Debug|Any CPU
		{cac42af8-5d56-e803-3304-8e6b2366923f}.Debug|Any CPU.Build.0 = Debug|Any CPU
		{2de199a3-f542-01d6-cf3a-509dda9db0b0}.Debug|Any CPU.ActiveCfg = Debug|Any CPU
		{2de199a3-f542-01d6-cf3a-509dda9db0b0}.Debug|Any CPU.Build.0 = Debug|Any CPU
		{94628f58-f4cc-8c02-eb27-e754fab2032b}.Debug|Any CPU.ActiveCfg = Debug|Any CPU
		{94628f58-f4cc-8c02-eb27-e754fab2032b}.Debug|Any CPU.Build.0 = Debug|Any CPU
		{426695d8-d8b9-f257-807f-8c0fbcb426c7}.Debug|Any CPU.ActiveCfg = Debug|Any CPU
		{426695d8-d8b9-f257-807f-8c0fbcb426c7}.Debug|Any CPU.Build.0 = Debug|Any CPU
		{3b75b91e-fa61-cd28-d3ce-aa99024f7366}.Debug|Any CPU.ActiveCfg = Debug|Any CPU
		{3b75b91e-fa61-cd28-d3ce-aa99024f7366}.Debug|Any CPU.Build.0 = Debug|Any CPU
		{d9d2bbbf-994c-f256-428b-e67accce729a}.Debug|Any CPU.ActiveCfg = Debug|Any CPU
		{d9d2bbbf-994c-f256-428b-e67accce729a}.Debug|Any CPU.Build.0 = Debug|Any CPU
		{057e0401-1b9d-c39d-26d8-9b056d484d86}.Debug|Any CPU.ActiveCfg = Debug|Any CPU
		{057e0401-1b9d-c39d-26d8-9b056d484d86}.Debug|Any CPU.Build.0 = Debug|Any CPU
		{a7320a57-2e96-787b-ab3a-88fc7b4513b0}.Debug|Any CPU.ActiveCfg = Debug|Any CPU
		{a7320a57-2e96-787b-ab3a-88fc7b4513b0}.Debug|Any CPU.Build.0 = Debug|Any CPU
		{635786fa-eddf-22e7-59df-4999b1752dea}.Debug|Any CPU.ActiveCfg = Debug|Any CPU
		{635786fa-eddf-22e7-59df-4999b1752dea}.Debug|Any CPU.Build.0 = Debug|Any CPU
		{fe3830b5-eb9a-2131-c6ad-198f3c276404}.Debug|Any CPU.ActiveCfg = Debug|Any CPU
		{fe3830b5-eb9a-2131-c6ad-198f3c276404}.Debug|Any CPU.Build.0 = Debug|Any CPU
		{a4ad0d2b-fd3b-73c9-0de7-3746870fa62b}.Debug|Any CPU.ActiveCfg = Debug|Any CPU
		{a4ad0d2b-fd3b-73c9-0de7-3746870fa62b}.Debug|Any CPU.Build.0 = Debug|Any CPU
		{5543e1f6-222a-e4c8-e6b4-e4379935121b}.Debug|Any CPU.ActiveCfg = Debug|Any CPU
		{5543e1f6-222a-e4c8-e6b4-e4379935121b}.Debug|Any CPU.Build.0 = Debug|Any CPU
		{17594e21-314b-35b9-c4bf-35e401183732}.Debug|Any CPU.ActiveCfg = Debug|Any CPU
		{17594e21-314b-35b9-c4bf-35e401183732}.Debug|Any CPU.Build.0 = Debug|Any CPU
		{75292955-8204-0c73-8255-db21adada685}.Debug|Any CPU.ActiveCfg = Debug|Any CPU
		{75292955-8204-0c73-8255-db21adada685}.Debug|Any CPU.Build.0 = Debug|Any CPU
		{2366c7d5-bd58-3812-a787-d782e9086c6e}.Debug|Any CPU.ActiveCfg = Debug|Any CPU
		{2366c7d5-bd58-3812-a787-d782e9086c6e}.Debug|Any CPU.Build.0 = Debug|Any CPU
		{2735e51f-e985-4865-ff65-0b2bbf2a5392}.Debug|Any CPU.ActiveCfg = Debug|Any CPU
		{2735e51f-e985-4865-ff65-0b2bbf2a5392}.Debug|Any CPU.Build.0 = Debug|Any CPU
		{674cb98f-328e-0a8b-279b-dea214504e74}.Debug|Any CPU.ActiveCfg = Debug|Any CPU
		{674cb98f-328e-0a8b-279b-dea214504e74}.Debug|Any CPU.Build.0 = Debug|Any CPU
		{4f583cf8-3914-5fd4-4b67-0f316e5f32a9}.Debug|Any CPU.ActiveCfg = Debug|Any CPU
		{4f583cf8-3914-5fd4-4b67-0f316e5f32a9}.Debug|Any CPU.Build.0 = Debug|Any CPU
		{88c4052b-6568-32ba-5090-b02c803f2fe5}.Debug|Any CPU.ActiveCfg = Debug|Any CPU
		{88c4052b-6568-32ba-5090-b02c803f2fe5}.Debug|Any CPU.Build.0 = Debug|Any CPU
		{c816f81e-5161-d101-69be-6998eeb7399f}.Debug|Any CPU.ActiveCfg = Debug|Any CPU
		{c816f81e-5161-d101-69be-6998eeb7399f}.Debug|Any CPU.Build.0 = Debug|Any CPU
		{6d8a27f7-4535-071b-c48f-dfaf36aa0422}.Debug|Any CPU.ActiveCfg = Debug|Any CPU
		{6d8a27f7-4535-071b-c48f-dfaf36aa0422}.Debug|Any CPU.Build.0 = Debug|Any CPU
		{1dee9ead-a1a4-444c-25aa-6e244d4b8198}.Debug|Any CPU.ActiveCfg = Debug|Any CPU
		{1dee9ead-a1a4-444c-25aa-6e244d4b8198}.Debug|Any CPU.Build.0 = Debug|Any CPU
		{ede0bbcd-6c42-4743-1c49-8ee106fe98b2}.Debug|Any CPU.ActiveCfg = Debug|Any CPU
		{ede0bbcd-6c42-4743-1c49-8ee106fe98b2}.Debug|Any CPU.Build.0 = Debug|Any CPU
		{9093555c-7616-b930-6035-c3345cb51c6a}.Debug|Any CPU.ActiveCfg = Debug|Any CPU
		{9093555c-7616-b930-6035-c3345cb51c6a}.Debug|Any CPU.Build.0 = Debug|Any CPU
		{bbee48bf-561b-4e82-e907-fd7a772f9289}.Debug|Any CPU.ActiveCfg = Debug|Any CPU
		{bbee48bf-561b-4e82-e907-fd7a772f9289}.Debug|Any CPU.Build.0 = Debug|Any CPU
		{10f917b4-fb75-c5cb-3429-470e2f0b575c}.Debug|Any CPU.ActiveCfg = Debug|Any CPU
		{10f917b4-fb75-c5cb-3429-470e2f0b575c}.Debug|Any CPU.Build.0 = Debug|Any CPU
		{afe16454-e7c9-2ed3-f74b-362afe7b2834}.Debug|Any CPU.ActiveCfg = Debug|Any CPU
		{afe16454-e7c9-2ed3-f74b-362afe7b2834}.Debug|Any CPU.Build.0 = Debug|Any CPU
		{cbad9980-dd74-37e0-a66c-a1243a43bcc8}.Debug|Any CPU.ActiveCfg = Debug|Any CPU
		{cbad9980-dd74-37e0-a66c-a1243a43bcc8}.Debug|Any CPU.Build.0 = Debug|Any CPU
		{51f48e38-d1c0-beb3-945d-637a286ae473}.Debug|Any CPU.ActiveCfg = Debug|Any CPU
		{51f48e38-d1c0-beb3-945d-637a286ae473}.Debug|Any CPU.Build.0 = Debug|Any CPU
		{4bcddfaf-5fad-6b50-aed5-3ef9c3e1ff77}.Debug|Any CPU.ActiveCfg = Debug|Any CPU
		{4bcddfaf-5fad-6b50-aed5-3ef9c3e1ff77}.Debug|Any CPU.Build.0 = Debug|Any CPU
		{76fd3e35-bea1-340c-4ddd-5867290125da}.Debug|Any CPU.ActiveCfg = Debug|Any CPU
		{76fd3e35-bea1-340c-4ddd-5867290125da}.Debug|Any CPU.Build.0 = Debug|Any CPU
		{21ca034b-41ce-cdb5-0424-934150353709}.Debug|Any CPU.ActiveCfg = Debug|Any CPU
		{21ca034b-41ce-cdb5-0424-934150353709}.Debug|Any CPU.Build.0 = Debug|Any CPU
		{cae0eb21-51d8-78d2-1e2c-e10d676f47dc}.Debug|Any CPU.ActiveCfg = Debug|Any CPU
		{cae0eb21-51d8-78d2-1e2c-e10d676f47dc}.Debug|Any CPU.Build.0 = Debug|Any CPU
		{d303ee9f-7b91-fda9-de70-307776830f39}.Debug|Any CPU.ActiveCfg = Debug|Any CPU
		{d303ee9f-7b91-fda9-de70-307776830f39}.Debug|Any CPU.Build.0 = Debug|Any CPU
		{eaf4dfff-a6d7-401c-68d8-f71ab1cfcc7e}.Debug|Any CPU.ActiveCfg = Debug|Any CPU
		{eaf4dfff-a6d7-401c-68d8-f71ab1cfcc7e}.Debug|Any CPU.Build.0 = Debug|Any CPU
		{20197674-991f-d0ac-1e80-5ce5b509c3e9}.Debug|Any CPU.ActiveCfg = Debug|Any CPU
		{20197674-991f-d0ac-1e80-5ce5b509c3e9}.Debug|Any CPU.Build.0 = Debug|Any CPU
		{94ba2b94-37b7-910e-2800-b692c7a0c614}.Debug|Any CPU.ActiveCfg = Debug|Any CPU
		{94ba2b94-37b7-910e-2800-b692c7a0c614}.Debug|Any CPU.Build.0 = Debug|Any CPU
		{dec6be56-f90b-cfd2-902a-703c4c1d4aee}.Debug|Any CPU.ActiveCfg = Debug|Any CPU
		{dec6be56-f90b-cfd2-902a-703c4c1d4aee}.Debug|Any CPU.Build.0 = Debug|Any CPU
		{ff7e92db-341c-cab3-6da6-b316ed193819}.Debug|Any CPU.ActiveCfg = Debug|Any CPU
		{ff7e92db-341c-cab3-6da6-b316ed193819}.Debug|Any CPU.Build.0 = Debug|Any CPU
		{b217cc14-a03a-44f3-03fa-8d292556effe}.Debug|Any CPU.ActiveCfg = Debug|Any CPU
		{b217cc14-a03a-44f3-03fa-8d292556effe}.Debug|Any CPU.Build.0 = Debug|Any CPU
		{187ea9aa-9138-2b37-2af3-8858a5b8944f}.Debug|Any CPU.ActiveCfg = Debug|Any CPU
		{187ea9aa-9138-2b37-2af3-8858a5b8944f}.Debug|Any CPU.Build.0 = Debug|Any CPU
		{2f54960f-6fd6-b2b9-d617-92fb480cf426}.Debug|Any CPU.ActiveCfg = Debug|Any CPU
		{2f54960f-6fd6-b2b9-d617-92fb480cf426}.Debug|Any CPU.Build.0 = Debug|Any CPU
		{893cbdcc-ddbb-7925-52a0-f7bc60345721}.Debug|Any CPU.ActiveCfg = Debug|Any CPU
		{893cbdcc-ddbb-7925-52a0-f7bc60345721}.Debug|Any CPU.Build.0 = Debug|Any CPU
		{f2748012-2ba5-9b83-30ea-7588a033c98e}.Debug|Any CPU.ActiveCfg = Debug|Any CPU
		{f2748012-2ba5-9b83-30ea-7588a033c98e}.Debug|Any CPU.Build.0 = Debug|Any CPU
		{d01854e8-d9de-538b-ba43-36cd5df2cb52}.Debug|Any CPU.ActiveCfg = Debug|Any CPU
		{d01854e8-d9de-538b-ba43-36cd5df2cb52}.Debug|Any CPU.Build.0 = Debug|Any CPU
		{e601666f-38dc-f34d-282f-ef01e64f6587}.Debug|Any CPU.ActiveCfg = Debug|Any CPU
		{e601666f-38dc-f34d-282f-ef01e64f6587}.Debug|Any CPU.Build.0 = Debug|Any CPU
		{7115452f-aa63-e14c-9959-04a7e51f6938}.Debug|Any CPU.ActiveCfg = Debug|Any CPU
		{7115452f-aa63-e14c-9959-04a7e51f6938}.Debug|Any CPU.Build.0 = Debug|Any CPU
		{4afd6d50-a59c-87dc-6f8b-fa82fa39b965}.Debug|Any CPU.ActiveCfg = Debug|Any CPU
		{4afd6d50-a59c-87dc-6f8b-fa82fa39b965}.Debug|Any CPU.Build.0 = Debug|Any CPU
		{77a6a72a-0fea-d753-3b3b-1d6bd220368c}.Debug|Any CPU.ActiveCfg = Debug|Any CPU
		{77a6a72a-0fea-d753-3b3b-1d6bd220368c}.Debug|Any CPU.Build.0 = Debug|Any CPU
		{f3f0c3bf-568f-c06f-3bc2-26dfdeb25188}.Debug|Any CPU.ActiveCfg = Debug|Any CPU
		{f3f0c3bf-568f-c06f-3bc2-26dfdeb25188}.Debug|Any CPU.Build.0 = Debug|Any CPU
		{00c3a930-aad2-81ce-118a-76af100f1cab}.Debug|Any CPU.ActiveCfg = Debug|Any CPU
		{00c3a930-aad2-81ce-118a-76af100f1cab}.Debug|Any CPU.Build.0 = Debug|Any CPU
		{98d5bbe3-3d46-eb42-fedb-f6ddb9e469eb}.Debug|Any CPU.ActiveCfg = Debug|Any CPU
		{98d5bbe3-3d46-eb42-fedb-f6ddb9e469eb}.Debug|Any CPU.Build.0 = Debug|Any CPU
		{6e101216-4aba-1dd5-f883-975253dae195}.Debug|Any CPU.ActiveCfg = Debug|Any CPU
		{6e101216-4aba-1dd5-f883-975253dae195}.Debug|Any CPU.Build.0 = Debug|Any CPU
		{0c514cdd-02d0-0542-e3b8-39de7da4db3e}.Debug|Any CPU.ActiveCfg = Debug|Any CPU
		{0c514cdd-02d0-0542-e3b8-39de7da4db3e}.Debug|Any CPU.Build.0 = Debug|Any CPU
		{e818b048-e58a-692e-344d-84d24dc4b63b}.Debug|Any CPU.ActiveCfg = Debug|Any CPU
		{e818b048-e58a-692e-344d-84d24dc4b63b}.Debug|Any CPU.Build.0 = Debug|Any CPU
		{23490ddb-9cb8-9386-71f9-28bbf586b391}.Debug|Any CPU.ActiveCfg = Debug|Any CPU
		{23490ddb-9cb8-9386-71f9-28bbf586b391}.Debug|Any CPU.Build.0 = Debug|Any CPU
		{b821d918-f396-99da-a5a0-f7d2d56315ca}.Debug|Any CPU.ActiveCfg = Debug|Any CPU
		{b821d918-f396-99da-a5a0-f7d2d56315ca}.Debug|Any CPU.Build.0 = Debug|Any CPU
		{cf9e68fa-901c-dd93-7cdd-fafd6162ccc5}.Debug|Any CPU.ActiveCfg = Debug|Any CPU
		{cf9e68fa-901c-dd93-7cdd-fafd6162ccc5}.Debug|Any CPU.Build.0 = Debug|Any CPU
		{24c83571-6ad4-3cea-0d3e-e99a862a29db}.Debug|Any CPU.ActiveCfg = Debug|Any CPU
		{24c83571-6ad4-3cea-0d3e-e99a862a29db}.Debug|Any CPU.Build.0 = Debug|Any CPU
		{874c85b0-1e1d-beac-4097-5ed22f6fbe74}.Debug|Any CPU.ActiveCfg = Debug|Any CPU
		{874c85b0-1e1d-beac-4097-5ed22f6fbe74}.Debug|Any CPU.Build.0 = Debug|Any CPU
	EndGlobalSection
	GlobalSection(SolutionProperties) = preSolution
		HideSolutionNode = FALSE
	EndGlobalSection
EndGlobal
